
Microsoft Visual Studio Solution File, Format Version 12.00
# Visual Studio 15
VisualStudioVersion = 15.0.26124.0
MinimumVisualStudioVersion = 15.0.26124.0
Project("{2150E333-8FDC-42A3-9474-1A3956D46DE8}") = "src", "src", "{6205ADC9-0319-4667-8AA4-FC68890115A5}"
EndProject
Project("{FAE04EC0-301F-11D3-BF4B-00C04F79EFBC}") = "Sauron.Infrastructure", "src\Sauron.Infrastructure\Sauron.Infrastructure.csproj", "{E6B9ECA0-CA5D-48A7-A657-12F9703E49AB}"
EndProject
Project("{FAE04EC0-301F-11D3-BF4B-00C04F79EFBC}") = "Sauron.Domain", "src\Sauron.Domain\Sauron.Domain.csproj", "{FF7BD47D-0475-409E-8400-61BA93A52634}"
EndProject
Project("{FAE04EC0-301F-11D3-BF4B-00C04F79EFBC}") = "Sauron.Job", "src\Sauron.Job\Sauron.Job.csproj", "{32321B6F-247C-4ED0-A693-A25D1EFB288A}"
EndProject
Global
	GlobalSection(SolutionConfigurationPlatforms) = preSolution
		Debug|Any CPU = Debug|Any CPU
		Debug|x64 = Debug|x64
		Debug|x86 = Debug|x86
		Release|Any CPU = Release|Any CPU
		Release|x64 = Release|x64
		Release|x86 = Release|x86
	EndGlobalSection
	GlobalSection(SolutionProperties) = preSolution
		HideSolutionNode = FALSE
	EndGlobalSection
	GlobalSection(NestedProjects) = preSolution
		{E6B9ECA0-CA5D-48A7-A657-12F9703E49AB} = {6205ADC9-0319-4667-8AA4-FC68890115A5}
		{FF7BD47D-0475-409E-8400-61BA93A52634} = {6205ADC9-0319-4667-8AA4-FC68890115A5}
		{32321B6F-247C-4ED0-A693-A25D1EFB288A} = {6205ADC9-0319-4667-8AA4-FC68890115A5}
	EndGlobalSection
	GlobalSection(ProjectConfigurationPlatforms) = postSolution
		{E6B9ECA0-CA5D-48A7-A657-12F9703E49AB}.Debug|Any CPU.ActiveCfg = Debug|Any CPU
		{E6B9ECA0-CA5D-48A7-A657-12F9703E49AB}.Debug|Any CPU.Build.0 = Debug|Any CPU
		{E6B9ECA0-CA5D-48A7-A657-12F9703E49AB}.Debug|x64.ActiveCfg = Debug|Any CPU
		{E6B9ECA0-CA5D-48A7-A657-12F9703E49AB}.Debug|x64.Build.0 = Debug|Any CPU
		{E6B9ECA0-CA5D-48A7-A657-12F9703E49AB}.Debug|x86.ActiveCfg = Debug|Any CPU
		{E6B9ECA0-CA5D-48A7-A657-12F9703E49AB}.Debug|x86.Build.0 = Debug|Any CPU
		{E6B9ECA0-CA5D-48A7-A657-12F9703E49AB}.Release|Any CPU.ActiveCfg = Release|Any CPU
		{E6B9ECA0-CA5D-48A7-A657-12F9703E49AB}.Release|Any CPU.Build.0 = Release|Any CPU
		{E6B9ECA0-CA5D-48A7-A657-12F9703E49AB}.Release|x64.ActiveCfg = Release|Any CPU
		{E6B9ECA0-CA5D-48A7-A657-12F9703E49AB}.Release|x64.Build.0 = Release|Any CPU
		{E6B9ECA0-CA5D-48A7-A657-12F9703E49AB}.Release|x86.ActiveCfg = Release|Any CPU
		{E6B9ECA0-CA5D-48A7-A657-12F9703E49AB}.Release|x86.Build.0 = Release|Any CPU
		{FF7BD47D-0475-409E-8400-61BA93A52634}.Debug|Any CPU.ActiveCfg = Debug|Any CPU
		{FF7BD47D-0475-409E-8400-61BA93A52634}.Debug|Any CPU.Build.0 = Debug|Any CPU
		{FF7BD47D-0475-409E-8400-61BA93A52634}.Debug|x64.ActiveCfg = Debug|Any CPU
		{FF7BD47D-0475-409E-8400-61BA93A52634}.Debug|x64.Build.0 = Debug|Any CPU
		{FF7BD47D-0475-409E-8400-61BA93A52634}.Debug|x86.ActiveCfg = Debug|Any CPU
		{FF7BD47D-0475-409E-8400-61BA93A52634}.Debug|x86.Build.0 = Debug|Any CPU
		{FF7BD47D-0475-409E-8400-61BA93A52634}.Release|Any CPU.ActiveCfg = Release|Any CPU
		{FF7BD47D-0475-409E-8400-61BA93A52634}.Release|Any CPU.Build.0 = Release|Any CPU
		{FF7BD47D-0475-409E-8400-61BA93A52634}.Release|x64.ActiveCfg = Release|Any CPU
		{FF7BD47D-0475-409E-8400-61BA93A52634}.Release|x64.Build.0 = Release|Any CPU
		{FF7BD47D-0475-409E-8400-61BA93A52634}.Release|x86.ActiveCfg = Release|Any CPU
		{FF7BD47D-0475-409E-8400-61BA93A52634}.Release|x86.Build.0 = Release|Any CPU
		{32321B6F-247C-4ED0-A693-A25D1EFB288A}.Debug|Any CPU.ActiveCfg = Debug|Any CPU
		{32321B6F-247C-4ED0-A693-A25D1EFB288A}.Debug|Any CPU.Build.0 = Debug|Any CPU
		{32321B6F-247C-4ED0-A693-A25D1EFB288A}.Debug|x64.ActiveCfg = Debug|Any CPU
		{32321B6F-247C-4ED0-A693-A25D1EFB288A}.Debug|x64.Build.0 = Debug|Any CPU
		{32321B6F-247C-4ED0-A693-A25D1EFB288A}.Debug|x86.ActiveCfg = Debug|Any CPU
		{32321B6F-247C-4ED0-A693-A25D1EFB288A}.Debug|x86.Build.0 = Debug|Any CPU
		{32321B6F-247C-4ED0-A693-A25D1EFB288A}.Release|Any CPU.ActiveCfg = Release|Any CPU
		{32321B6F-247C-4ED0-A693-A25D1EFB288A}.Release|Any CPU.Build.0 = Release|Any CPU
		{32321B6F-247C-4ED0-A693-A25D1EFB288A}.Release|x64.ActiveCfg = Release|Any CPU
		{32321B6F-247C-4ED0-A693-A25D1EFB288A}.Release|x64.Build.0 = Release|Any CPU
		{32321B6F-247C-4ED0-A693-A25D1EFB288A}.Release|x86.ActiveCfg = Release|Any CPU
		{32321B6F-247C-4ED0-A693-A25D1EFB288A}.Release|x86.Build.0 = Release|Any CPU
	EndGlobalSection
EndGlobal
