
Microsoft Visual Studio Solution File, Format Version 12.00
Project("{2150E333-8FDC-42A3-9474-1A3956D46DE8}") = "src", "src", "{18506156-5CE6-4FC1-A536-1B1434B18390}"
EndProject
Project("{FAE04EC0-301F-11D3-BF4B-00C04F79EFBC}") = "Covid19.Monitor.Ui", "src\Covid19.Monitor.Ui\Covid19.Monitor.Ui.csproj", "{7D6AEBB0-C97F-4295-9156-408565E098A4}"
EndProject
Global
	GlobalSection(SolutionConfigurationPlatforms) = preSolution
		Debug|Any CPU = Debug|Any CPU
		Release|Any CPU = Release|Any CPU
	EndGlobalSection
	GlobalSection(NestedProjects) = preSolution
		{7D6AEBB0-C97F-4295-9156-408565E098A4} = {18506156-5CE6-4FC1-A536-1B1434B18390}
	EndGlobalSection
	GlobalSection(ProjectConfigurationPlatforms) = postSolution
		{7D6AEBB0-C97F-4295-9156-408565E098A4}.Debug|Any CPU.ActiveCfg = Debug|Any CPU
		{7D6AEBB0-C97F-4295-9156-408565E098A4}.Debug|Any CPU.Build.0 = Debug|Any CPU
		{7D6AEBB0-C97F-4295-9156-408565E098A4}.Release|Any CPU.ActiveCfg = Release|Any CPU
		{7D6AEBB0-C97F-4295-9156-408565E098A4}.Release|Any CPU.Build.0 = Release|Any CPU
	EndGlobalSection
EndGlobal
